
Microsoft Visual Studio Solution File, Format Version 12.00
# Visual Studio Version 17
VisualStudioVersion = 17.4.33205.214
MinimumVisualStudioVersion = 10.0.40219.1
Project("{9A19103F-16F7-4668-BE54-9A1E7A4F7556}") = "BookStore.WebApp", "BookStore.WebApp\BookStore.WebApp.csproj", "{20786EA5-8AD1-435C-B228-2EB732B21B11}"
EndProject
Project("{2150E333-8FDC-42A3-9474-1A3956D46DE8}") = "docs", "docs", "{99A5E2FA-7796-47FA-870E-2485E11DB59E}"
	ProjectSection(SolutionItems) = preProject
		Oraganization.txt = Oraganization.txt
	EndProjectSection
EndProject
Project("{FAE04EC0-301F-11D3-BF4B-00C04F79EFBC}") = "BookStore.WebApp.Data", "BookStore.WebApp.Data\BookStore.WebApp.Data.csproj", "{CB79CF81-F369-4854-A619-32A35D3255E7}"
EndProject
Project("{FAE04EC0-301F-11D3-BF4B-00C04F79EFBC}") = "BookStore.WebUI", "BookStore.WebUI\BookStore.WebUI.csproj", "{38867048-6BB7-4BDF-A381-37C8329B6125}"
EndProject
Global
	GlobalSection(SolutionConfigurationPlatforms) = preSolution
		Debug|Any CPU = Debug|Any CPU
		Release|Any CPU = Release|Any CPU
	EndGlobalSection
	GlobalSection(ProjectConfigurationPlatforms) = postSolution
		{20786EA5-8AD1-435C-B228-2EB732B21B11}.Debug|Any CPU.ActiveCfg = Debug|Any CPU
		{20786EA5-8AD1-435C-B228-2EB732B21B11}.Debug|Any CPU.Build.0 = Debug|Any CPU
		{20786EA5-8AD1-435C-B228-2EB732B21B11}.Release|Any CPU.ActiveCfg = Release|Any CPU
		{20786EA5-8AD1-435C-B228-2EB732B21B11}.Release|Any CPU.Build.0 = Release|Any CPU
		{CB79CF81-F369-4854-A619-32A35D3255E7}.Debug|Any CPU.ActiveCfg = Debug|Any CPU
		{CB79CF81-F369-4854-A619-32A35D3255E7}.Debug|Any CPU.Build.0 = Debug|Any CPU
		{CB79CF81-F369-4854-A619-32A35D3255E7}.Release|Any CPU.ActiveCfg = Release|Any CPU
		{CB79CF81-F369-4854-A619-32A35D3255E7}.Release|Any CPU.Build.0 = Release|Any CPU
		{38867048-6BB7-4BDF-A381-37C8329B6125}.Debug|Any CPU.ActiveCfg = Debug|Any CPU
		{38867048-6BB7-4BDF-A381-37C8329B6125}.Debug|Any CPU.Build.0 = Debug|Any CPU
		{38867048-6BB7-4BDF-A381-37C8329B6125}.Release|Any CPU.ActiveCfg = Release|Any CPU
		{38867048-6BB7-4BDF-A381-37C8329B6125}.Release|Any CPU.Build.0 = Release|Any CPU
	EndGlobalSection
	GlobalSection(SolutionProperties) = preSolution
		HideSolutionNode = FALSE
	EndGlobalSection
	GlobalSection(ExtensibilityGlobals) = postSolution
		SolutionGuid = {919B10B2-9F1B-4A48-B816-C8FBEA1D699F}
	EndGlobalSection
EndGlobal
